
Microsoft Visual Studio Solution File, Format Version 12.00
# Visual Studio Version 17
VisualStudioVersion = 17.5.33530.505
MinimumVisualStudioVersion = 10.0.40219.1
Project("{FAE04EC0-301F-11D3-BF4B-00C04F79EFBC}") = "Dex", "Dex.csproj", "{0DF0EE56-387E-464F-A94F-9596F258CEB7}"
EndProject
Global
	GlobalSection(SolutionConfigurationPlatforms) = preSolution
		Debug|Any CPU = Debug|Any CPU
		Release|Any CPU = Release|Any CPU
	EndGlobalSection
	GlobalSection(ProjectConfigurationPlatforms) = postSolution
		{0DF0EE56-387E-464F-A94F-9596F258CEB7}.Debug|Any CPU.ActiveCfg = Debug|Any CPU
		{0DF0EE56-387E-464F-A94F-9596F258CEB7}.Debug|Any CPU.Build.0 = Debug|Any CPU
		{0DF0EE56-387E-464F-A94F-9596F258CEB7}.Release|Any CPU.ActiveCfg = Release|Any CPU
		{0DF0EE56-387E-464F-A94F-9596F258CEB7}.Release|Any CPU.Build.0 = Release|Any CPU
	EndGlobalSection
	GlobalSection(SolutionProperties) = preSolution
		HideSolutionNode = FALSE
	EndGlobalSection
	GlobalSection(ExtensibilityGlobals) = postSolution
		SolutionGuid = {11C54184-A652-47B0-A218-91EA325A369E}
	EndGlobalSection
EndGlobal
