
Microsoft Visual Studio Solution File, Format Version 12.00
# Visual Studio Version 17
VisualStudioVersion = 17.5.33530.505
MinimumVisualStudioVersion = 10.0.40219.1
Project("{FAE04EC0-301F-11D3-BF4B-00C04F79EFBC}") = "Dex", "Dex.csproj", "{0DF0EE56-387E-464F-A94F-9596F258CEB7}"
EndProject
Project("{FAE04EC0-301F-11D3-BF4B-00C04F79EFBC}") = "OOP", "1. ООП\OOP\OOP.csproj", "{86EE49AA-D0DB-4713-B7AE-7C91D1E74C3C}"
EndProject
Project("{9A19103F-16F7-4668-BE54-9A1E7A4F7556}") = "Services", "Application\Services\Services.csproj", "{0F6DB44A-A622-4DA2-B966-C5EC5B3F7A42}"
EndProject
Project("{9A19103F-16F7-4668-BE54-9A1E7A4F7556}") = "Models", "Application\Models\Models\Models.csproj", "{38D4A8D0-5A0C-4EFE-8F3B-FBE8FF5E8915}"
EndProject
Project("{9A19103F-16F7-4668-BE54-9A1E7A4F7556}") = "PracticeWithTypes", "Application\Tools\PracticeWithTypes\PracticeWithTypes.csproj", "{389A692B-35D9-42ED-814C-16B8EF2BFFD0}"
EndProject
Project("{9A19103F-16F7-4668-BE54-9A1E7A4F7556}") = "ServiceTests", "Application\ServiceTests\ServiceTests.csproj", "{9832BF7D-5E6C-43F0-B05C-81BEDE05B876}"
EndProject
Project("{2150E333-8FDC-42A3-9474-1A3956D46DE8}") = "Application", "Application", "{9B31A4F7-BB02-4AF0-8445-5B3AD1BEE371}"
EndProject
Project("{2150E333-8FDC-42A3-9474-1A3956D46DE8}") = "OOP practice", "OOP practice", "{E7043256-598F-41BD-AD33-FD1EA5D8F6EB}"
EndProject
Project("{2150E333-8FDC-42A3-9474-1A3956D46DE8}") = "ApplicationDb", "ApplicationDb", "{2316E26E-F00C-4869-A730-BEA2FA369BFA}"
EndProject
Project("{9A19103F-16F7-4668-BE54-9A1E7A4F7556}") = "ModelsDb", "ApplicationDb\ModelsDb\ModelsDb.csproj", "{11E5EBAE-76F7-4318-A985-137281BFB511}"
EndProject
Project("{9A19103F-16F7-4668-BE54-9A1E7A4F7556}") = "ServicesDb", "ApplicationDb\ServicesDb\ServicesDb.csproj", "{469D3F12-DB28-4BBF-97E2-3467A488812A}"
EndProject
Project("{9A19103F-16F7-4668-BE54-9A1E7A4F7556}") = "ServicesdbTests.Tests", "ApplicationDb\ServicesdbTests.Tests\ServicesdbTests.Tests.csproj", "{8B7DCA78-22A4-4EF4-BA50-10BA57896ED3}"
EndProject
Project("{FAE04EC0-301F-11D3-BF4B-00C04F79EFBC}") = "IDisposable practice", "Other\IDisposable practoce\IDisposable practice.csproj", "{BD590D42-5B57-42D0-828B-02EA3FF0E0E4}"
EndProject
Global
	GlobalSection(SolutionConfigurationPlatforms) = preSolution
		Debug|Any CPU = Debug|Any CPU
		Release|Any CPU = Release|Any CPU
	EndGlobalSection
	GlobalSection(ProjectConfigurationPlatforms) = postSolution
		{0DF0EE56-387E-464F-A94F-9596F258CEB7}.Debug|Any CPU.ActiveCfg = Debug|Any CPU
		{0DF0EE56-387E-464F-A94F-9596F258CEB7}.Debug|Any CPU.Build.0 = Debug|Any CPU
		{0DF0EE56-387E-464F-A94F-9596F258CEB7}.Release|Any CPU.ActiveCfg = Release|Any CPU
		{0DF0EE56-387E-464F-A94F-9596F258CEB7}.Release|Any CPU.Build.0 = Release|Any CPU
		{86EE49AA-D0DB-4713-B7AE-7C91D1E74C3C}.Debug|Any CPU.ActiveCfg = Debug|Any CPU
		{86EE49AA-D0DB-4713-B7AE-7C91D1E74C3C}.Debug|Any CPU.Build.0 = Debug|Any CPU
		{86EE49AA-D0DB-4713-B7AE-7C91D1E74C3C}.Release|Any CPU.ActiveCfg = Release|Any CPU
		{86EE49AA-D0DB-4713-B7AE-7C91D1E74C3C}.Release|Any CPU.Build.0 = Release|Any CPU
		{0F6DB44A-A622-4DA2-B966-C5EC5B3F7A42}.Debug|Any CPU.ActiveCfg = Debug|Any CPU
		{0F6DB44A-A622-4DA2-B966-C5EC5B3F7A42}.Debug|Any CPU.Build.0 = Debug|Any CPU
		{0F6DB44A-A622-4DA2-B966-C5EC5B3F7A42}.Release|Any CPU.ActiveCfg = Release|Any CPU
		{0F6DB44A-A622-4DA2-B966-C5EC5B3F7A42}.Release|Any CPU.Build.0 = Release|Any CPU
		{38D4A8D0-5A0C-4EFE-8F3B-FBE8FF5E8915}.Debug|Any CPU.ActiveCfg = Debug|Any CPU
		{38D4A8D0-5A0C-4EFE-8F3B-FBE8FF5E8915}.Debug|Any CPU.Build.0 = Debug|Any CPU
		{38D4A8D0-5A0C-4EFE-8F3B-FBE8FF5E8915}.Release|Any CPU.ActiveCfg = Release|Any CPU
		{38D4A8D0-5A0C-4EFE-8F3B-FBE8FF5E8915}.Release|Any CPU.Build.0 = Release|Any CPU
		{389A692B-35D9-42ED-814C-16B8EF2BFFD0}.Debug|Any CPU.ActiveCfg = Debug|Any CPU
		{389A692B-35D9-42ED-814C-16B8EF2BFFD0}.Debug|Any CPU.Build.0 = Debug|Any CPU
		{389A692B-35D9-42ED-814C-16B8EF2BFFD0}.Release|Any CPU.ActiveCfg = Release|Any CPU
		{389A692B-35D9-42ED-814C-16B8EF2BFFD0}.Release|Any CPU.Build.0 = Release|Any CPU
		{9832BF7D-5E6C-43F0-B05C-81BEDE05B876}.Debug|Any CPU.ActiveCfg = Debug|Any CPU
		{9832BF7D-5E6C-43F0-B05C-81BEDE05B876}.Debug|Any CPU.Build.0 = Debug|Any CPU
		{9832BF7D-5E6C-43F0-B05C-81BEDE05B876}.Release|Any CPU.ActiveCfg = Release|Any CPU
		{9832BF7D-5E6C-43F0-B05C-81BEDE05B876}.Release|Any CPU.Build.0 = Release|Any CPU
		{11E5EBAE-76F7-4318-A985-137281BFB511}.Debug|Any CPU.ActiveCfg = Debug|Any CPU
		{11E5EBAE-76F7-4318-A985-137281BFB511}.Debug|Any CPU.Build.0 = Debug|Any CPU
		{11E5EBAE-76F7-4318-A985-137281BFB511}.Release|Any CPU.ActiveCfg = Release|Any CPU
		{11E5EBAE-76F7-4318-A985-137281BFB511}.Release|Any CPU.Build.0 = Release|Any CPU
		{469D3F12-DB28-4BBF-97E2-3467A488812A}.Debug|Any CPU.ActiveCfg = Debug|Any CPU
		{469D3F12-DB28-4BBF-97E2-3467A488812A}.Debug|Any CPU.Build.0 = Debug|Any CPU
		{469D3F12-DB28-4BBF-97E2-3467A488812A}.Release|Any CPU.ActiveCfg = Release|Any CPU
		{469D3F12-DB28-4BBF-97E2-3467A488812A}.Release|Any CPU.Build.0 = Release|Any CPU
		{8B7DCA78-22A4-4EF4-BA50-10BA57896ED3}.Debug|Any CPU.ActiveCfg = Debug|Any CPU
		{8B7DCA78-22A4-4EF4-BA50-10BA57896ED3}.Debug|Any CPU.Build.0 = Debug|Any CPU
		{8B7DCA78-22A4-4EF4-BA50-10BA57896ED3}.Release|Any CPU.ActiveCfg = Release|Any CPU
		{8B7DCA78-22A4-4EF4-BA50-10BA57896ED3}.Release|Any CPU.Build.0 = Release|Any CPU
		{BD590D42-5B57-42D0-828B-02EA3FF0E0E4}.Debug|Any CPU.ActiveCfg = Debug|Any CPU
		{BD590D42-5B57-42D0-828B-02EA3FF0E0E4}.Debug|Any CPU.Build.0 = Debug|Any CPU
		{BD590D42-5B57-42D0-828B-02EA3FF0E0E4}.Release|Any CPU.ActiveCfg = Release|Any CPU
		{BD590D42-5B57-42D0-828B-02EA3FF0E0E4}.Release|Any CPU.Build.0 = Release|Any CPU
	EndGlobalSection
	GlobalSection(SolutionProperties) = preSolution
		HideSolutionNode = FALSE
	EndGlobalSection
	GlobalSection(NestedProjects) = preSolution
		{0DF0EE56-387E-464F-A94F-9596F258CEB7} = {E7043256-598F-41BD-AD33-FD1EA5D8F6EB}
		{86EE49AA-D0DB-4713-B7AE-7C91D1E74C3C} = {E7043256-598F-41BD-AD33-FD1EA5D8F6EB}
		{0F6DB44A-A622-4DA2-B966-C5EC5B3F7A42} = {9B31A4F7-BB02-4AF0-8445-5B3AD1BEE371}
		{38D4A8D0-5A0C-4EFE-8F3B-FBE8FF5E8915} = {9B31A4F7-BB02-4AF0-8445-5B3AD1BEE371}
		{389A692B-35D9-42ED-814C-16B8EF2BFFD0} = {9B31A4F7-BB02-4AF0-8445-5B3AD1BEE371}
		{9832BF7D-5E6C-43F0-B05C-81BEDE05B876} = {9B31A4F7-BB02-4AF0-8445-5B3AD1BEE371}
		{11E5EBAE-76F7-4318-A985-137281BFB511} = {2316E26E-F00C-4869-A730-BEA2FA369BFA}
		{469D3F12-DB28-4BBF-97E2-3467A488812A} = {2316E26E-F00C-4869-A730-BEA2FA369BFA}
		{8B7DCA78-22A4-4EF4-BA50-10BA57896ED3} = {2316E26E-F00C-4869-A730-BEA2FA369BFA}
	EndGlobalSection
	GlobalSection(ExtensibilityGlobals) = postSolution
		SolutionGuid = {11C54184-A652-47B0-A218-91EA325A369E}
	EndGlobalSection
EndGlobal
